// !$*UTF8*$!
{
	archiveVersion = 1;
	classes = {
	};
	objectVersion = 77;
	objects = {

/* Begin PBXContainerItemProxy section */
		9A1EF4782F285D1800B6D5F7 /* PBXContainerItemProxy */ = {
			isa = PBXContainerItemProxy;
			containerPortal = 9A1EF4622F285D1800B6D5F7 /* Project object */;
			proxyType = 1;
			remoteGlobalIDString = 9A1EF4692F285D1800B6D5F7;
			remoteInfo = "Poker Tracker";
		};
		9A1EF4822F285D1800B6D5F7 /* PBXContainerItemProxy */ = {
			isa = PBXContainerItemProxy;
			containerPortal = 9A1EF4622F285D1800B6D5F7 /* Project object */;
			proxyType = 1;
			remoteGlobalIDString = 9A1EF4692F285D1800B6D5F7;
			remoteInfo = "Poker Tracker";
		};
/* End PBXContainerItemProxy section */

/* Begin PBXFileReference section */
		9A1EF46A2F285D1800B6D5F7 /* Poker Tracker.app */ = {isa = PBXFileReference; explicitFileType = wrapper.application; includeInIndex = 0; path = "Poker Tracker.app"; sourceTree = BUILT_PRODUCTS_DIR; };
		9A1EF4772F285D1800B6D5F7 /* Poker TrackerTests.xctest */ = {isa = PBXFileReference; explicitFileType = wrapper.cfbundle; includeInIndex = 0; path = "Poker TrackerTests.xctest"; sourceTree = BUILT_PRODUCTS_DIR; };
		9A1EF4812F285D1800B6D5F7 /* Poker TrackerUITests.xctest */ = {isa = PBXFileReference; explicitFileType = wrapper.cfbundle; includeInIndex = 0; path = "Poker TrackerUITests.xctest"; sourceTree = BUILT_PRODUCTS_DIR; };
/* End PBXFileReference section */

/* Begin PBXFileSystemSynchronizedRootGroup section */
		9A1EF46C2F285D1800B6D5F7 /* Poker Tracker */ = {
			isa = PBXFileSystemSynchronizedRootGroup;
			path = "Poker Tracker";
			sourceTree = "<group>";
		};
		9A1EF47A2F285D1800B6D5F7 /* Poker TrackerTests */ = {
			isa = PBXFileSystemSynchronizedRootGroup;
			path = "Poker TrackerTests";
			sourceTree = "<group>";
		};
		9A1EF4842F285D1800B6D5F7 /* Poker TrackerUITests */ = {
			isa = PBXFileSystemSynchronizedRootGroup;
			path = "Poker TrackerUITests";
			sourceTree = "<group>";
		};
/* End PBXFileSystemSynchronizedRootGroup section */

/* Begin PBXFrameworksBuildPhase section */
		9A1EF4672F285D1800B6D5F7 /* Frameworks */ = {
			isa = PBXFrameworksBuildPhase;
			buildActionMask = 2147483647;
			files = (
			);
			runOnlyForDeploymentPostprocessing = 0;
		};
		9A1EF4742F285D1800B6D5F7 /* Frameworks */ = {
			isa = PBXFrameworksBuildPhase;
			buildActionMask = 2147483647;
			files = (
			);
			runOnlyForDeploymentPostprocessing = 0;
		};
		9A1EF47E2F285D1800B6D5F7 /* Frameworks */ = {
			isa = PBXFrameworksBuildPhase;
			buildActionMask = 2147483647;
			files = (
			);
			runOnlyForDeploymentPostprocessing = 0;
		};
/* End PBXFrameworksBuildPhase section */

/* Begin PBXGroup section */
		9A1EF4612F285D1800B6D5F7 = {
			isa = PBXGroup;
			children = (
				9A1EF46C2F285D1800B6D5F7 /* Poker Tracker */,
				9A1EF47A2F285D1800B6D5F7 /* Poker TrackerTests */,
				9A1EF4842F285D1800B6D5F7 /* Poker TrackerUITests */,
				9A1EF46B2F285D1800B6D5F7 /* Products */,
			);
			sourceTree = "<group>";
		};
		9A1EF46B2F285D1800B6D5F7 /* Products */ = {
			isa = PBXGroup;
			children = (
				9A1EF46A2F285D1800B6D5F7 /* Poker Tracker.app */,
				9A1EF4772F285D1800B6D5F7 /* Poker TrackerTests.xctest */,
				9A1EF4812F285D1800B6D5F7 /* Poker TrackerUITests.xctest */,
			);
			name = Products;
			sourceTree = "<group>";
		};
/* End PBXGroup section */

/* Begin PBXNativeTarget section */
		9A1EF4692F285D1800B6D5F7 /* Poker Tracker */ = {
			isa = PBXNativeTarget;
			buildConfigurationList = 9A1EF48B2F285D1800B6D5F7 /* Build configuration list for PBXNativeTarget "Poker Tracker" */;
			buildPhases = (
				9A1EF4662F285D1800B6D5F7 /* Sources */,
				9A1EF4672F285D1800B6D5F7 /* Frameworks */,
				9A1EF4682F285D1800B6D5F7 /* Resources */,
			);
			buildRules = (
			);
			dependencies = (
			);
			fileSystemSynchronizedGroups = (
				9A1EF46C2F285D1800B6D5F7 /* Poker Tracker */,
			);
			name = "Poker Tracker";
			packageProductDependencies = (
			);
			productName = "Poker Tracker";
			productReference = 9A1EF46A2F285D1800B6D5F7 /* Poker Tracker.app */;
			productType = "com.apple.product-type.application";
		};
		9A1EF4762F285D1800B6D5F7 /* Poker TrackerTests */ = {
			isa = PBXNativeTarget;
			buildConfigurationList = 9A1EF48E2F285D1800B6D5F7 /* Build configuration list for PBXNativeTarget "Poker TrackerTests" */;
			buildPhases = (
				9A1EF4732F285D1800B6D5F7 /* Sources */,
				9A1EF4742F285D1800B6D5F7 /* Frameworks */,
				9A1EF4752F285D1800B6D5F7 /* Resources */,
			);
			buildRules = (
			);
			dependencies = (
				9A1EF4792F285D1800B6D5F7 /* PBXTargetDependency */,
			);
			fileSystemSynchronizedGroups = (
				9A1EF47A2F285D1800B6D5F7 /* Poker TrackerTests */,
			);
			name = "Poker TrackerTests";
			packageProductDependencies = (
			);
			productName = "Poker TrackerTests";
			productReference = 9A1EF4772F285D1800B6D5F7 /* Poker TrackerTests.xctest */;
			productType = "com.apple.product-type.bundle.unit-test";
		};
		9A1EF4802F285D1800B6D5F7 /* Poker TrackerUITests */ = {
			isa = PBXNativeTarget;
			buildConfigurationList = 9A1EF4912F285D1800B6D5F7 /* Build configuration list for PBXNativeTarget "Poker TrackerUITests" */;
			buildPhases = (
				9A1EF47D2F285D1800B6D5F7 /* Sources */,
				9A1EF47E2F285D1800B6D5F7 /* Frameworks */,
				9A1EF47F2F285D1800B6D5F7 /* Resources */,
			);
			buildRules = (
			);
			dependencies = (
				9A1EF4832F285D1800B6D5F7 /* PBXTargetDependency */,
			);
			fileSystemSynchronizedGroups = (
				9A1EF4842F285D1800B6D5F7 /* Poker TrackerUITests */,
			);
			name = "Poker TrackerUITests";
			packageProductDependencies = (
			);
			productName = "Poker TrackerUITests";
			productReference = 9A1EF4812F285D1800B6D5F7 /* Poker TrackerUITests.xctest */;
			productType = "com.apple.product-type.bundle.ui-testing";
		};
/* End PBXNativeTarget section */

/* Begin PBXProject section */
		9A1EF4622F285D1800B6D5F7 /* Project object */ = {
			isa = PBXProject;
			attributes = {
				BuildIndependentTargetsInParallel = 1;
				LastSwiftUpdateCheck = 1640;
				LastUpgradeCheck = 1640;
				TargetAttributes = {
					9A1EF4692F285D1800B6D5F7 = {
						CreatedOnToolsVersion = 16.4;
					};
					9A1EF4762F285D1800B6D5F7 = {
						CreatedOnToolsVersion = 16.4;
						TestTargetID = 9A1EF4692F285D1800B6D5F7;
					};
					9A1EF4802F285D1800B6D5F7 = {
						CreatedOnToolsVersion = 16.4;
						TestTargetID = 9A1EF4692F285D1800B6D5F7;
					};
				};
			};
			buildConfigurationList = 9A1EF4652F285D1800B6D5F7 /* Build configuration list for PBXProject "Poker Tracker" */;
			developmentRegion = en;
			hasScannedForEncodings = 0;
			knownRegions = (
				en,
				Base,
			);
			mainGroup = 9A1EF4612F285D1800B6D5F7;
			minimizedProjectReferenceProxies = 1;
			preferredProjectObjectVersion = 77;
			productRefGroup = 9A1EF46B2F285D1800B6D5F7 /* Products */;
			projectDirPath = "";
			projectRoot = "";
			targets = (
				9A1EF4692F285D1800B6D5F7 /* Poker Tracker */,
				9A1EF4762F285D1800B6D5F7 /* Poker TrackerTests */,
				9A1EF4802F285D1800B6D5F7 /* Poker TrackerUITests */,
			);
		};
/* End PBXProject section */

/* Begin PBXResourcesBuildPhase section */
		9A1EF4682F285D1800B6D5F7 /* Resources */ = {
			isa = PBXResourcesBuildPhase;
			buildActionMask = 2147483647;
			files = (
			);
			runOnlyForDeploymentPostprocessing = 0;
		};
		9A1EF4752F285D1800B6D5F7 /* Resources */ = {
			isa = PBXResourcesBuildPhase;
			buildActionMask = 2147483647;
			files = (
			);
			runOnlyForDeploymentPostprocessing = 0;
		};
		9A1EF47F2F285D1800B6D5F7 /* Resources */ = {
			isa = PBXResourcesBuildPhase;
			buildActionMask = 2147483647;
			files = (
			);
			runOnlyForDeploymentPostprocessing = 0;
		};
/* End PBXResourcesBuildPhase section */

/* Begin PBXSourcesBuildPhase section */
		9A1EF4662F285D1800B6D5F7 /* Sources */ = {
			isa = PBXSourcesBuildPhase;
			buildActionMask = 2147483647;
			files = (
			);
			runOnlyForDeploymentPostprocessing = 0;
		};
		9A1EF4732F285D1800B6D5F7 /* Sources */ = {
			isa = PBXSourcesBuildPhase;
			buildActionMask = 2147483647;
			files = (
			);
			runOnlyForDeploymentPostprocessing = 0;
		};
		9A1EF47D2F285D1800B6D5F7 /* Sources */ = {
			isa = PBXSourcesBuildPhase;
			buildActionMask = 2147483647;
			files = (
			);
			runOnlyForDeploymentPostprocessing = 0;
		};
/* End PBXSourcesBuildPhase section */

/* Begin PBXTargetDependency section */
		9A1EF4792F285D1800B6D5F7 /* PBXTargetDependency */ = {
			isa = PBXTargetDependency;
			target = 9A1EF4692F285D1800B6D5F7 /* Poker Tracker */;
			targetProxy = 9A1EF4782F285D1800B6D5F7 /* PBXContainerItemProxy */;
		};
		9A1EF4832F285D1800B6D5F7 /* PBXTargetDependency */ = {
			isa = PBXTargetDependency;
			target = 9A1EF4692F285D1800B6D5F7 /* Poker Tracker */;
			targetProxy = 9A1EF4822F285D1800B6D5F7 /* PBXContainerItemProxy */;
		};
/* End PBXTargetDependency section */

/* Begin XCBuildConfiguration section */
		9A1EF4892F285D1800B6D5F7 /* Debug */ = {
			isa = XCBuildConfiguration;
			buildSettings = {
				ALWAYS_SEARCH_USER_PATHS = NO;
				ASSETCATALOG_COMPILER_GENERATE_SWIFT_ASSET_SYMBOL_EXTENSIONS = YES;
				CLANG_ANALYZER_NONNULL = YES;
				CLANG_ANALYZER_NUMBER_OBJECT_CONVERSION = YES_AGGRESSIVE;
				CLANG_CXX_LANGUAGE_STANDARD = "gnu++20";
				CLANG_ENABLE_MODULES = YES;
				CLANG_ENABLE_OBJC_ARC = YES;
				CLANG_ENABLE_OBJC_WEAK = YES;
				CLANG_WARN_BLOCK_CAPTURE_AUTORELEASING = YES;
				CLANG_WARN_BOOL_CONVERSION = YES;
				CLANG_WARN_COMMA = YES;
				CLANG_WARN_CONSTANT_CONVERSION = YES;
				CLANG_WARN_DEPRECATED_OBJC_IMPLEMENTATIONS = YES;
				CLANG_WARN_DIRECT_OBJC_ISA_USAGE = YES_ERROR;
				CLANG_WARN_DOCUMENTATION_COMMENTS = YES;
				CLANG_WARN_EMPTY_BODY = YES;
				CLANG_WARN_ENUM_CONVERSION = YES;
				CLANG_WARN_INFINITE_RECURSION = YES;
				CLANG_WARN_INT_CONVERSION = YES;
				CLANG_WARN_NON_LITERAL_NULL_CONVERSION = YES;
				CLANG_WARN_OBJC_IMPLICIT_RETAIN_SELF = YES;
				CLANG_WARN_OBJC_LITERAL_CONVERSION = YES;
				CLANG_WARN_OBJC_ROOT_CLASS = YES_ERROR;
				CLANG_WARN_QUOTED_INCLUDE_IN_FRAMEWORK_HEADER = YES;
				CLANG_WARN_RANGE_LOOP_ANALYSIS = YES;
				CLANG_WARN_STRICT_PROTOTYPES = YES;
				CLANG_WARN_SUSPICIOUS_MOVE = YES;
				CLANG_WARN_UNGUARDED_AVAILABILITY = YES_AGGRESSIVE;
				CLANG_WARN_UNREACHABLE_CODE = YES;
				CLANG_WARN__DUPLICATE_METHOD_MATCH = YES;
				COPY_PHASE_STRIP = NO;
				DEBUG_INFORMATION_FORMAT = dwarf;
				DEVELOPMENT_TEAM = Q35Z3NG694;
				ENABLE_STRICT_OBJC_MSGSEND = YES;
				ENABLE_TESTABILITY = YES;
				ENABLE_USER_SCRIPT_SANDBOXING = YES;
				GCC_C_LANGUAGE_STANDARD = gnu17;
				GCC_DYNAMIC_NO_PIC = NO;
				GCC_NO_COMMON_BLOCKS = YES;
				GCC_OPTIMIZATION_LEVEL = 0;
				GCC_PREPROCESSOR_DEFINITIONS = (
					"DEBUG=1",
					"$(inherited)",
				);
				GCC_WARN_64_TO_32_BIT_CONVERSION = YES;
				GCC_WARN_ABOUT_RETURN_TYPE = YES_ERROR;
				GCC_WARN_UNDECLARED_SELECTOR = YES;
				GCC_WARN_UNINITIALIZED_AUTOS = YES_AGGRESSIVE;
				GCC_WARN_UNUSED_FUNCTION = YES;
				GCC_WARN_UNUSED_VARIABLE = YES;
				IPHONEOS_DEPLOYMENT_TARGET = 18.5;
				LOCALIZATION_PREFERS_STRING_CATALOGS = YES;
				MTL_ENABLE_DEBUG_INFO = INCLUDE_SOURCE;
				MTL_FAST_MATH = YES;
				ONLY_ACTIVE_ARCH = YES;
				SDKROOT = iphoneos;
				SWIFT_ACTIVE_COMPILATION_CONDITIONS = "DEBUG $(inherited)";
				SWIFT_OPTIMIZATION_LEVEL = "-Onone";
			};
			name = Debug;
		};
		9A1EF48A2F285D1800B6D5F7 /* Release */ = {
			isa = XCBuildConfiguration;
			buildSettings = {
				ALWAYS_SEARCH_USER_PATHS = NO;
				ASSETCATALOG_COMPILER_GENERATE_SWIFT_ASSET_SYMBOL_EXTENSIONS = YES;
				CLANG_ANALYZER_NONNULL = YES;
				CLANG_ANALYZER_NUMBER_OBJECT_CONVERSION = YES_AGGRESSIVE;
				CLANG_CXX_LANGUAGE_STANDARD = "gnu++20";
				CLANG_ENABLE_MODULES = YES;
				CLANG_ENABLE_OBJC_ARC = YES;
				CLANG_ENABLE_OBJC_WEAK = YES;
				CLANG_WARN_BLOCK_CAPTURE_AUTORELEASING = YES;
				CLANG_WARN_BOOL_CONVERSION = YES;
				CLANG_WARN_COMMA = YES;
				CLANG_WARN_CONSTANT_CONVERSION = YES;
				CLANG_WARN_DEPRECATED_OBJC_IMPLEMENTATIONS = YES;
				CLANG_WARN_DIRECT_OBJC_ISA_USAGE = YES_ERROR;
				CLANG_WARN_DOCUMENTATION_COMMENTS = YES;
				CLANG_WARN_EMPTY_BODY = YES;
				CLANG_WARN_ENUM_CONVERSION = YES;
				CLANG_WARN_INFINITE_RECURSION = YES;
				CLANG_WARN_INT_CONVERSION = YES;
				CLANG_WARN_NON_LITERAL_NULL_CONVERSION = YES;
				CLANG_WARN_OBJC_IMPLICIT_RETAIN_SELF = YES;
				CLANG_WARN_OBJC_LITERAL_CONVERSION = YES;
				CLANG_WARN_OBJC_ROOT_CLASS = YES_ERROR;
				CLANG_WARN_QUOTED_INCLUDE_IN_FRAMEWORK_HEADER = YES;
				CLANG_WARN_RANGE_LOOP_ANALYSIS = YES;
				CLANG_WARN_STRICT_PROTOTYPES = YES;
				CLANG_WARN_SUSPICIOUS_MOVE = YES;
				CLANG_WARN_UNGUARDED_AVAILABILITY = YES_AGGRESSIVE;
				CLANG_WARN_UNREACHABLE_CODE = YES;
				CLANG_WARN__DUPLICATE_METHOD_MATCH = YES;
				COPY_PHASE_STRIP = NO;
				DEBUG_INFORMATION_FORMAT = "dwarf-with-dsym";
				DEVELOPMENT_TEAM = Q35Z3NG694;
				ENABLE_NS_ASSERTIONS = NO;
				ENABLE_STRICT_OBJC_MSGSEND = YES;
				ENABLE_USER_SCRIPT_SANDBOXING = YES;
				GCC_C_LANGUAGE_STANDARD = gnu17;
				GCC_NO_COMMON_BLOCKS = YES;
				GCC_WARN_64_TO_32_BIT_CONVERSION = YES;
				GCC_WARN_ABOUT_RETURN_TYPE = YES_ERROR;
				GCC_WARN_UNDECLARED_SELECTOR = YES;
				GCC_WARN_UNINITIALIZED_AUTOS = YES_AGGRESSIVE;
				GCC_WARN_UNUSED_FUNCTION = YES;
				GCC_WARN_UNUSED_VARIABLE = YES;
				IPHONEOS_DEPLOYMENT_TARGET = 18.5;
				LOCALIZATION_PREFERS_STRING_CATALOGS = YES;
				MTL_ENABLE_DEBUG_INFO = NO;
				MTL_FAST_MATH = YES;
				SDKROOT = iphoneos;
				SWIFT_COMPILATION_MODE = wholemodule;
				VALIDATE_PRODUCT = YES;
			};
			name = Release;
		};
		9A1EF48C2F285D1800B6D5F7 /* Debug */ = {
			isa = XCBuildConfiguration;
			buildSettings = {
				ASSETCATALOG_COMPILER_APPICON_NAME = AppIcon;
				ASSETCATALOG_COMPILER_GLOBAL_ACCENT_COLOR_NAME = AccentColor;
				CODE_SIGN_STYLE = Automatic;
				CURRENT_PROJECT_VERSION = 1;
				DEVELOPMENT_TEAM = Q35Z3NG694;
				ENABLE_PREVIEWS = YES;
				GENERATE_INFOPLIST_FILE = YES;
				INFOPLIST_KEY_UIApplicationSceneManifest_Generation = YES;
				INFOPLIST_KEY_UIApplicationSupportsIndirectInputEvents = YES;
				INFOPLIST_KEY_UILaunchScreen_Generation = YES;
				INFOPLIST_KEY_UISupportedInterfaceOrientations_iPad = "UIInterfaceOrientationPortrait UIInterfaceOrientationPortraitUpsideDown UIInterfaceOrientationLandscapeLeft UIInterfaceOrientationLandscapeRight";
				INFOPLIST_KEY_UISupportedInterfaceOrientations_iPhone = "UIInterfaceOrientationPortrait UIInterfaceOrientationLandscapeLeft UIInterfaceOrientationLandscapeRight";
				LD_RUNPATH_SEARCH_PATHS = (
					"$(inherited)",
					"@executable_path/Frameworks",
				);
				MARKETING_VERSION = 1.0;
				PRODUCT_BUNDLE_IDENTIFIER = "zRanqa.Poker-Tracker";
				PRODUCT_NAME = "$(TARGET_NAME)";
				SWIFT_EMIT_LOC_STRINGS = YES;
				SWIFT_VERSION = 5.0;
				TARGETED_DEVICE_FAMILY = "1,2";
			};
			name = Debug;
		};
		9A1EF48D2F285D1800B6D5F7 /* Release */ = {
			isa = XCBuildConfiguration;
			buildSettings = {
				ASSETCATALOG_COMPILER_APPICON_NAME = AppIcon;
				ASSETCATALOG_COMPILER_GLOBAL_ACCENT_COLOR_NAME = AccentColor;
				CODE_SIGN_STYLE = Automatic;
				CURRENT_PROJECT_VERSION = 1;
				DEVELOPMENT_TEAM = Q35Z3NG694;
				ENABLE_PREVIEWS = YES;
				GENERATE_INFOPLIST_FILE = YES;
				INFOPLIST_KEY_UIApplicationSceneManifest_Generation = YES;
				INFOPLIST_KEY_UIApplicationSupportsIndirectInputEvents = YES;
				INFOPLIST_KEY_UILaunchScreen_Generation = YES;
				INFOPLIST_KEY_UISupportedInterfaceOrientations_iPad = "UIInterfaceOrientationPortrait UIInterfaceOrientationPortraitUpsideDown UIInterfaceOrientationLandscapeLeft UIInterfaceOrientationLandscapeRight";
				INFOPLIST_KEY_UISupportedInterfaceOrientations_iPhone = "UIInterfaceOrientationPortrait UIInterfaceOrientationLandscapeLeft UIInterfaceOrientationLandscapeRight";
				LD_RUNPATH_SEARCH_PATHS = (
					"$(inherited)",
					"@executable_path/Frameworks",
				);
				MARKETING_VERSION = 1.0;
				PRODUCT_BUNDLE_IDENTIFIER = "zRanqa.Poker-Tracker";
				PRODUCT_NAME = "$(TARGET_NAME)";
				SWIFT_EMIT_LOC_STRINGS = YES;
				SWIFT_VERSION = 5.0;
				TARGETED_DEVICE_FAMILY = "1,2";
			};
			name = Release;
		};
		9A1EF48F2F285D1800B6D5F7 /* Debug */ = {
			isa = XCBuildConfiguration;
			buildSettings = {
				BUNDLE_LOADER = "$(TEST_HOST)";
				CODE_SIGN_STYLE = Automatic;
				CURRENT_PROJECT_VERSION = 1;
				DEVELOPMENT_TEAM = Q35Z3NG694;
				GENERATE_INFOPLIST_FILE = YES;
				IPHONEOS_DEPLOYMENT_TARGET = 18.5;
				MARKETING_VERSION = 1.0;
				PRODUCT_BUNDLE_IDENTIFIER = "zRanqa.Poker-TrackerTests";
				PRODUCT_NAME = "$(TARGET_NAME)";
				SWIFT_EMIT_LOC_STRINGS = NO;
				SWIFT_VERSION = 5.0;
				TARGETED_DEVICE_FAMILY = "1,2";
				TEST_HOST = "$(BUILT_PRODUCTS_DIR)/Poker Tracker.app/$(BUNDLE_EXECUTABLE_FOLDER_PATH)/Poker Tracker";
			};
			name = Debug;
		};
		9A1EF4902F285D1800B6D5F7 /* Release */ = {
			isa = XCBuildConfiguration;
			buildSettings = {
				BUNDLE_LOADER = "$(TEST_HOST)";
				CODE_SIGN_STYLE = Automatic;
				CURRENT_PROJECT_VERSION = 1;
				DEVELOPMENT_TEAM = Q35Z3NG694;
				GENERATE_INFOPLIST_FILE = YES;
				IPHONEOS_DEPLOYMENT_TARGET = 18.5;
				MARKETING_VERSION = 1.0;
				PRODUCT_BUNDLE_IDENTIFIER = "zRanqa.Poker-TrackerTests";
				PRODUCT_NAME = "$(TARGET_NAME)";
				SWIFT_EMIT_LOC_STRINGS = NO;
				SWIFT_VERSION = 5.0;
				TARGETED_DEVICE_FAMILY = "1,2";
				TEST_HOST = "$(BUILT_PRODUCTS_DIR)/Poker Tracker.app/$(BUNDLE_EXECUTABLE_FOLDER_PATH)/Poker Tracker";
			};
			name = Release;
		};
		9A1EF4922F285D1800B6D5F7 /* Debug */ = {
			isa = XCBuildConfiguration;
			buildSettings = {
				CODE_SIGN_STYLE = Automatic;
				CURRENT_PROJECT_VERSION = 1;
				DEVELOPMENT_TEAM = Q35Z3NG694;
				GENERATE_INFOPLIST_FILE = YES;
				MARKETING_VERSION = 1.0;
				PRODUCT_BUNDLE_IDENTIFIER = "zRanqa.Poker-TrackerUITests";
				PRODUCT_NAME = "$(TARGET_NAME)";
				SWIFT_EMIT_LOC_STRINGS = NO;
				SWIFT_VERSION = 5.0;
				TARGETED_DEVICE_FAMILY = "1,2";
				TEST_TARGET_NAME = "Poker Tracker";
			};
			name = Debug;
		};
		9A1EF4932F285D1800B6D5F7 /* Release */ = {
			isa = XCBuildConfiguration;
			buildSettings = {
				CODE_SIGN_STYLE = Automatic;
				CURRENT_PROJECT_VERSION = 1;
				DEVELOPMENT_TEAM = Q35Z3NG694;
				GENERATE_INFOPLIST_FILE = YES;
				MARKETING_VERSION = 1.0;
				PRODUCT_BUNDLE_IDENTIFIER = "zRanqa.Poker-TrackerUITests";
				PRODUCT_NAME = "$(TARGET_NAME)";
				SWIFT_EMIT_LOC_STRINGS = NO;
				SWIFT_VERSION = 5.0;
				TARGETED_DEVICE_FAMILY = "1,2";
				TEST_TARGET_NAME = "Poker Tracker";
			};
			name = Release;
		};
/* End XCBuildConfiguration section */

/* Begin XCConfigurationList section */
		9A1EF4652F285D1800B6D5F7 /* Build configuration list for PBXProject "Poker Tracker" */ = {
			isa = XCConfigurationList;
			buildConfigurations = (
				9A1EF4892F285D1800B6D5F7 /* Debug */,
				9A1EF48A2F285D1800B6D5F7 /* Release */,
			);
			defaultConfigurationIsVisible = 0;
			defaultConfigurationName = Release;
		};
		9A1EF48B2F285D1800B6D5F7 /* Build configuration list for PBXNativeTarget "Poker Tracker" */ = {
			isa = XCConfigurationList;
			buildConfigurations = (
				9A1EF48C2F285D1800B6D5F7 /* Debug */,
				9A1EF48D2F285D1800B6D5F7 /* Release */,
			);
			defaultConfigurationIsVisible = 0;
			defaultConfigurationName = Release;
		};
		9A1EF48E2F285D1800B6D5F7 /* Build configuration list for PBXNativeTarget "Poker TrackerTests" */ = {
			isa = XCConfigurationList;
			buildConfigurations = (
				9A1EF48F2F285D1800B6D5F7 /* Debug */,
				9A1EF4902F285D1800B6D5F7 /* Release */,
			);
			defaultConfigurationIsVisible = 0;
			defaultConfigurationName = Release;
		};
		9A1EF4912F285D1800B6D5F7 /* Build configuration list for PBXNativeTarget "Poker TrackerUITests" */ = {
			isa = XCConfigurationList;
			buildConfigurations = (
				9A1EF4922F285D1800B6D5F7 /* Debug */,
				9A1EF4932F285D1800B6D5F7 /* Release */,
			);
			defaultConfigurationIsVisible = 0;
			defaultConfigurationName = Release;
		};
/* End XCConfigurationList section */
	};
	rootObject = 9A1EF4622F285D1800B6D5F7 /* Project object */;
}
